// !$*UTF8*$!
{
	archiveVersion = 1;
	classes = {
	};
	objectVersion = 48;
	objects = {

/* Begin PBXBuildFile section */
		CDA89C4A2071F84800F8AFB7 /* AppDelegate.swift in Sources */ = {isa = PBXBuildFile; fileRef = CDA89C492071F84800F8AFB7 /* AppDelegate.swift */; };
		CDA89C4C2071F84800F8AFB7 /* ViewController.swift in Sources */ = {isa = PBXBuildFile; fileRef = CDA89C4B2071F84800F8AFB7 /* ViewController.swift */; };
		CDA89C4F2071F84800F8AFB7 /* Main.storyboard in Resources */ = {isa = PBXBuildFile; fileRef = CDA89C4D2071F84800F8AFB7 /* Main.storyboard */; };
		CDA89C512071F84800F8AFB7 /* Assets.xcassets in Resources */ = {isa = PBXBuildFile; fileRef = CDA89C502071F84800F8AFB7 /* Assets.xcassets */; };
		CDA89C542071F84800F8AFB7 /* LaunchScreen.storyboard in Resources */ = {isa = PBXBuildFile; fileRef = CDA89C522071F84800F8AFB7 /* LaunchScreen.storyboard */; };
		CDA89C622071F8EF00F8AFB7 /* frame1.png in Resources */ = {isa = PBXBuildFile; fileRef = CDA89C5D2071F8EF00F8AFB7 /* frame1.png */; };
		CDA89C632071F8EF00F8AFB7 /* frame4.png in Resources */ = {isa = PBXBuildFile; fileRef = CDA89C5E2071F8EF00F8AFB7 /* frame4.png */; };
		CDA89C642071F8EF00F8AFB7 /* frame2.png in Resources */ = {isa = PBXBuildFile; fileRef = CDA89C5F2071F8EF00F8AFB7 /* frame2.png */; };
		CDA89C652071F8EF00F8AFB7 /* frame5.png in Resources */ = {isa = PBXBuildFile; fileRef = CDA89C602071F8EF00F8AFB7 /* frame5.png */; };
		CDA89C662071F8EF00F8AFB7 /* frame3.png in Resources */ = {isa = PBXBuildFile; fileRef = CDA89C612071F8EF00F8AFB7 /* frame3.png */; };
/* End PBXBuildFile section */

/* Begin PBXFileReference section */
		CDA89C462071F84800F8AFB7 /* Alion ImageView.app */ = {isa = PBXFileReference; explicitFileType = wrapper.application; includeInIndex = 0; path = "Alion ImageView.app"; sourceTree = BUILT_PRODUCTS_DIR; };
		CDA89C492071F84800F8AFB7 /* AppDelegate.swift */ = {isa = PBXFileReference; lastKnownFileType = sourcecode.swift; path = AppDelegate.swift; sourceTree = "<group>"; };
		CDA89C4B2071F84800F8AFB7 /* ViewController.swift */ = {isa = PBXFileReference; lastKnownFileType = sourcecode.swift; path = ViewController.swift; sourceTree = "<group>"; };
		CDA89C4E2071F84800F8AFB7 /* Base */ = {isa = PBXFileReference; lastKnownFileType = file.storyboard; name = Base; path = Base.lproj/Main.storyboard; sourceTree = "<group>"; };
		CDA89C502071F84800F8AFB7 /* Assets.xcassets */ = {isa = PBXFileReference; lastKnownFileType = folder.assetcatalog; path = Assets.xcassets; sourceTree = "<group>"; };
		CDA89C532071F84800F8AFB7 /* Base */ = {isa = PBXFileReference; lastKnownFileType = file.storyboard; name = Base; path = Base.lproj/LaunchScreen.storyboard; sourceTree = "<group>"; };
		CDA89C552071F84800F8AFB7 /* Info.plist */ = {isa = PBXFileReference; lastKnownFileType = text.plist.xml; path = Info.plist; sourceTree = "<group>"; };
		CDA89C5D2071F8EF00F8AFB7 /* frame1.png */ = {isa = PBXFileReference; lastKnownFileType = image.png; path = frame1.png; sourceTree = "<group>"; };
		CDA89C5E2071F8EF00F8AFB7 /* frame4.png */ = {isa = PBXFileReference; lastKnownFileType = image.png; path = frame4.png; sourceTree = "<group>"; };
		CDA89C5F2071F8EF00F8AFB7 /* frame2.png */ = {isa = PBXFileReference; lastKnownFileType = image.png; path = frame2.png; sourceTree = "<group>"; };
		CDA89C602071F8EF00F8AFB7 /* frame5.png */ = {isa = PBXFileReference; lastKnownFileType = image.png; path = frame5.png; sourceTree = "<group>"; };
		CDA89C612071F8EF00F8AFB7 /* frame3.png */ = {isa = PBXFileReference; lastKnownFileType = image.png; path = frame3.png; sourceTree = "<group>"; };
/* End PBXFileReference section */

/* Begin PBXFrameworksBuildPhase section */
		CDA89C432071F84800F8AFB7 /* Frameworks */ = {
			isa = PBXFrameworksBuildPhase;
			buildActionMask = 2147483647;
			files = (
			);
			runOnlyForDeploymentPostprocessing = 0;
		};
/* End PBXFrameworksBuildPhase section */

/* Begin PBXGroup section */
		CDA89C3D2071F84800F8AFB7 = {
			isa = PBXGroup;
			children = (
				CDA89C482071F84800F8AFB7 /* Alion ImageView */,
				CDA89C472071F84800F8AFB7 /* Products */,
			);
			sourceTree = "<group>";
		};
		CDA89C472071F84800F8AFB7 /* Products */ = {
			isa = PBXGroup;
			children = (
				CDA89C462071F84800F8AFB7 /* Alion ImageView.app */,
			);
			name = Products;
			sourceTree = "<group>";
		};
		CDA89C482071F84800F8AFB7 /* Alion ImageView */ = {
			isa = PBXGroup;
			children = (
				CDA89C5D2071F8EF00F8AFB7 /* frame1.png */,
				CDA89C5F2071F8EF00F8AFB7 /* frame2.png */,
				CDA89C612071F8EF00F8AFB7 /* frame3.png */,
				CDA89C5E2071F8EF00F8AFB7 /* frame4.png */,
				CDA89C602071F8EF00F8AFB7 /* frame5.png */,
				CDA89C5C2071F8E400F8AFB7 /* New Group */,
				CDA89C492071F84800F8AFB7 /* AppDelegate.swift */,
				CDA89C4B2071F84800F8AFB7 /* ViewController.swift */,
				CDA89C4D2071F84800F8AFB7 /* Main.storyboard */,
				CDA89C502071F84800F8AFB7 /* Assets.xcassets */,
				CDA89C522071F84800F8AFB7 /* LaunchScreen.storyboard */,
				CDA89C552071F84800F8AFB7 /* Info.plist */,
			);
			path = "Alion ImageView";
			sourceTree = "<group>";
		};
		CDA89C5C2071F8E400F8AFB7 /* New Group */ = {
			isa = PBXGroup;
			children = (
			);
			name = "New Group";
			sourceTree = "<group>";
		};
/* End PBXGroup section */

/* Begin PBXNativeTarget section */
		CDA89C452071F84800F8AFB7 /* Alion ImageView */ = {
			isa = PBXNativeTarget;
			buildConfigurationList = CDA89C582071F84800F8AFB7 /* Build configuration list for PBXNativeTarget "Alion ImageView" */;
			buildPhases = (
				CDA89C422071F84800F8AFB7 /* Sources */,
				CDA89C432071F84800F8AFB7 /* Frameworks */,
				CDA89C442071F84800F8AFB7 /* Resources */,
			);
			buildRules = (
			);
			dependencies = (
			);
			name = "Alion ImageView";
			productName = "Alion ImageView";
			productReference = CDA89C462071F84800F8AFB7 /* Alion ImageView.app */;
			productType = "com.apple.product-type.application";
		};
/* End PBXNativeTarget section */

/* Begin PBXProject section */
		CDA89C3E2071F84800F8AFB7 /* Project object */ = {
			isa = PBXProject;
			attributes = {
				LastSwiftUpdateCheck = 0920;
				LastUpgradeCheck = 0920;
				ORGANIZATIONNAME = D7703_21;
				TargetAttributes = {
					CDA89C452071F84800F8AFB7 = {
						CreatedOnToolsVersion = 9.2;
						ProvisioningStyle = Automatic;
					};
				};
			};
			buildConfigurationList = CDA89C412071F84800F8AFB7 /* Build configuration list for PBXProject "Alion ImageView" */;
			compatibilityVersion = "Xcode 8.0";
			developmentRegion = en;
			hasScannedForEncodings = 0;
			knownRegions = (
				en,
				Base,
			);
			mainGroup = CDA89C3D2071F84800F8AFB7;
			productRefGroup = CDA89C472071F84800F8AFB7 /* Products */;
			projectDirPath = "";
			projectRoot = "";
			targets = (
				CDA89C452071F84800F8AFB7 /* Alion ImageView */,
			);
		};
/* End PBXProject section */

/* Begin PBXResourcesBuildPhase section */
		CDA89C442071F84800F8AFB7 /* Resources */ = {
			isa = PBXResourcesBuildPhase;
			buildActionMask = 2147483647;
			files = (
				CDA89C632071F8EF00F8AFB7 /* frame4.png in Resources */,
				CDA89C652071F8EF00F8AFB7 /* frame5.png in Resources */,
				CDA89C542071F84800F8AFB7 /* LaunchScreen.storyboard in Resources */,
				CDA89C662071F8EF00F8AFB7 /* frame3.png in Resources */,
				CDA89C642071F8EF00F8AFB7 /* frame2.png in Resources */,
				CDA89C622071F8EF00F8AFB7 /* frame1.png in Resources */,
				CDA89C512071F84800F8AFB7 /* Assets.xcassets in Resources */,
				CDA89C4F2071F84800F8AFB7 /* Main.storyboard in Resources */,
			);
			runOnlyForDeploymentPostprocessing = 0;
		};
/* End PBXResourcesBuildPhase section */

/* Begin PBXSourcesBuildPhase section */
		CDA89C422071F84800F8AFB7 /* Sources */ = {
			isa = PBXSourcesBuildPhase;
			buildActionMask = 2147483647;
			files = (
				CDA89C4C2071F84800F8AFB7 /* ViewController.swift in Sources */,
				CDA89C4A2071F84800F8AFB7 /* AppDelegate.swift in Sources */,
			);
			runOnlyForDeploymentPostprocessing = 0;
		};
/* End PBXSourcesBuildPhase section */

/* Begin PBXVariantGroup section */
		CDA89C4D2071F84800F8AFB7 /* Main.storyboard */ = {
			isa = PBXVariantGroup;
			children = (
				CDA89C4E2071F84800F8AFB7 /* Base */,
			);
			name = Main.storyboard;
			sourceTree = "<group>";
		};
		CDA89C522071F84800F8AFB7 /* LaunchScreen.storyboard */ = {
			isa = PBXVariantGroup;
			children = (
				CDA89C532071F84800F8AFB7 /* Base */,
			);
			name = LaunchScreen.storyboard;
			sourceTree = "<group>";
		};
/* End PBXVariantGroup section */

/* Begin XCBuildConfiguration section */
		CDA89C562071F84800F8AFB7 /* Debug */ = {
			isa = XCBuildConfiguration;
			buildSettings = {
				ALWAYS_SEARCH_USER_PATHS = NO;
				CLANG_ANALYZER_NONNULL = YES;
				CLANG_ANALYZER_NUMBER_OBJECT_CONVERSION = YES_AGGRESSIVE;
				CLANG_CXX_LANGUAGE_STANDARD = "gnu++14";
				CLANG_CXX_LIBRARY = "libc++";
				CLANG_ENABLE_MODULES = YES;
				CLANG_ENABLE_OBJC_ARC = YES;
				CLANG_WARN_BLOCK_CAPTURE_AUTORELEASING = YES;
				CLANG_WARN_BOOL_CONVERSION = YES;
				CLANG_WARN_COMMA = YES;
				CLANG_WARN_CONSTANT_CONVERSION = YES;
				CLANG_WARN_DIRECT_OBJC_ISA_USAGE = YES_ERROR;
				CLANG_WARN_DOCUMENTATION_COMMENTS = YES;
				CLANG_WARN_EMPTY_BODY = YES;
				CLANG_WARN_ENUM_CONVERSION = YES;
				CLANG_WARN_INFINITE_RECURSION = YES;
				CLANG_WARN_INT_CONVERSION = YES;
				CLANG_WARN_NON_LITERAL_NULL_CONVERSION = YES;
				CLANG_WARN_OBJC_LITERAL_CONVERSION = YES;
				CLANG_WARN_OBJC_ROOT_CLASS = YES_ERROR;
				CLANG_WARN_RANGE_LOOP_ANALYSIS = YES;
				CLANG_WARN_STRICT_PROTOTYPES = YES;
				CLANG_WARN_SUSPICIOUS_MOVE = YES;
				CLANG_WARN_UNGUARDED_AVAILABILITY = YES_AGGRESSIVE;
				CLANG_WARN_UNREACHABLE_CODE = YES;
				CLANG_WARN__DUPLICATE_METHOD_MATCH = YES;
				CODE_SIGN_IDENTITY = "iPhone Developer";
				COPY_PHASE_STRIP = NO;
				DEBUG_INFORMATION_FORMAT = dwarf;
				ENABLE_STRICT_OBJC_MSGSEND = YES;
				ENABLE_TESTABILITY = YES;
				GCC_C_LANGUAGE_STANDARD = gnu11;
				GCC_DYNAMIC_NO_PIC = NO;
				GCC_NO_COMMON_BLOCKS = YES;
				GCC_OPTIMIZATION_LEVEL = 0;
				GCC_PREPROCESSOR_DEFINITIONS = (
					"DEBUG=1",
					"$(inherited)",
				);
				GCC_WARN_64_TO_32_BIT_CONVERSION = YES;
				GCC_WARN_ABOUT_RETURN_TYPE = YES_ERROR;
				GCC_WARN_UNDECLARED_SELECTOR = YES;
				GCC_WARN_UNINITIALIZED_AUTOS = YES_AGGRESSIVE;
				GCC_WARN_UNUSED_FUNCTION = YES;
				GCC_WARN_UNUSED_VARIABLE = YES;
				IPHONEOS_DEPLOYMENT_TARGET = 11.2;
				MTL_ENABLE_DEBUG_INFO = YES;
				ONLY_ACTIVE_ARCH = YES;
				SDKROOT = iphoneos;
				SWIFT_ACTIVE_COMPILATION_CONDITIONS = DEBUG;
				SWIFT_OPTIMIZATION_LEVEL = "-Onone";
			};
			name = Debug;
		};
		CDA89C572071F84800F8AFB7 /* Release */ = {
			isa = XCBuildConfiguration;
			buildSettings = {
				ALWAYS_SEARCH_USER_PATHS = NO;
				CLANG_ANALYZER_NONNULL = YES;
				CLANG_ANALYZER_NUMBER_OBJECT_CONVERSION = YES_AGGRESSIVE;
				CLANG_CXX_LANGUAGE_STANDARD = "gnu++14";
				CLANG_CXX_LIBRARY = "libc++";
				CLANG_ENABLE_MODULES = YES;
				CLANG_ENABLE_OBJC_ARC = YES;
				CLANG_WARN_BLOCK_CAPTURE_AUTORELEASING = YES;
				CLANG_WARN_BOOL_CONVERSION = YES;
				CLANG_WARN_COMMA = YES;
				CLANG_WARN_CONSTANT_CONVERSION = YES;
				CLANG_WARN_DIRECT_OBJC_ISA_USAGE = YES_ERROR;
				CLANG_WARN_DOCUMENTATION_COMMENTS = YES;
				CLANG_WARN_EMPTY_BODY = YES;
				CLANG_WARN_ENUM_CONVERSION = YES;
				CLANG_WARN_INFINITE_RECURSION = YES;
				CLANG_WARN_INT_CONVERSION = YES;
				CLANG_WARN_NON_LITERAL_NULL_CONVERSION = YES;
				CLANG_WARN_OBJC_LITERAL_CONVERSION = YES;
				CLANG_WARN_OBJC_ROOT_CLASS = YES_ERROR;
				CLANG_WARN_RANGE_LOOP_ANALYSIS = YES;
				CLANG_WARN_STRICT_PROTOTYPES = YES;
				CLANG_WARN_SUSPICIOUS_MOVE = YES;
				CLANG_WARN_UNGUARDED_AVAILABILITY = YES_AGGRESSIVE;
				CLANG_WARN_UNREACHABLE_CODE = YES;
				CLANG_WARN__DUPLICATE_METHOD_MATCH = YES;
				CODE_SIGN_IDENTITY = "iPhone Developer";
				COPY_PHASE_STRIP = NO;
				DEBUG_INFORMATION_FORMAT = "dwarf-with-dsym";
				ENABLE_NS_ASSERTIONS = NO;
				ENABLE_STRICT_OBJC_MSGSEND = YES;
				GCC_C_LANGUAGE_STANDARD = gnu11;
				GCC_NO_COMMON_BLOCKS = YES;
				GCC_WARN_64_TO_32_BIT_CONVERSION = YES;
				GCC_WARN_ABOUT_RETURN_TYPE = YES_ERROR;
				GCC_WARN_UNDECLARED_SELECTOR = YES;
				GCC_WARN_UNINITIALIZED_AUTOS = YES_AGGRESSIVE;
				GCC_WARN_UNUSED_FUNCTION = YES;
				GCC_WARN_UNUSED_VARIABLE = YES;
				IPHONEOS_DEPLOYMENT_TARGET = 11.2;
				MTL_ENABLE_DEBUG_INFO = NO;
				SDKROOT = iphoneos;
				SWIFT_OPTIMIZATION_LEVEL = "-Owholemodule";
				VALIDATE_PRODUCT = YES;
			};
			name = Release;
		};
		CDA89C592071F84800F8AFB7 /* Debug */ = {
			isa = XCBuildConfiguration;
			buildSettings = {
				ASSETCATALOG_COMPILER_APPICON_NAME = AppIcon;
				CODE_SIGN_STYLE = Automatic;
				INFOPLIST_FILE = "Alion ImageView/Info.plist";
				LD_RUNPATH_SEARCH_PATHS = "$(inherited) @executable_path/Frameworks";
				PRODUCT_BUNDLE_IDENTIFIER = "-01412365.Alion-ImageView";
				PRODUCT_NAME = "$(TARGET_NAME)";
				SWIFT_VERSION = 4.0;
				TARGETED_DEVICE_FAMILY = "1,2";
			};
			name = Debug;
		};
		CDA89C5A2071F84800F8AFB7 /* Release */ = {
			isa = XCBuildConfiguration;
			buildSettings = {
				ASSETCATALOG_COMPILER_APPICON_NAME = AppIcon;
				CODE_SIGN_STYLE = Automatic;
				INFOPLIST_FILE = "Alion ImageView/Info.plist";
				LD_RUNPATH_SEARCH_PATHS = "$(inherited) @executable_path/Frameworks";
				PRODUCT_BUNDLE_IDENTIFIER = "-01412365.Alion-ImageView";
				PRODUCT_NAME = "$(TARGET_NAME)";
				SWIFT_VERSION = 4.0;
				TARGETED_DEVICE_FAMILY = "1,2";
			};
			name = Release;
		};
/* End XCBuildConfiguration section */

/* Begin XCConfigurationList section */
		CDA89C412071F84800F8AFB7 /* Build configuration list for PBXProject "Alion ImageView" */ = {
			isa = XCConfigurationList;
			buildConfigurations = (
				CDA89C562071F84800F8AFB7 /* Debug */,
				CDA89C572071F84800F8AFB7 /* Release */,
			);
			defaultConfigurationIsVisible = 0;
			defaultConfigurationName = Release;
		};
		CDA89C582071F84800F8AFB7 /* Build configuration list for PBXNativeTarget "Alion ImageView" */ = {
			isa = XCConfigurationList;
			buildConfigurations = (
				CDA89C592071F84800F8AFB7 /* Debug */,
				CDA89C5A2071F84800F8AFB7 /* Release */,
			);
			defaultConfigurationIsVisible = 0;
			defaultConfigurationName = Release;
		};
/* End XCConfigurationList section */
	};
	rootObject = CDA89C3E2071F84800F8AFB7 /* Project object */;
}
